PODS:
  - KeychainSwift (13.0.0)
  - Realm (3.11.1):
    - Realm/Headers (= 3.11.1)
  - Realm/Headers (3.11.1)
  - RealmSwift (3.11.1):
    - Realm (= 3.11.1)

DEPENDENCIES:
  - KeychainSwift (~> 13.0)
  - RealmSwift

SPEC REPOS:
  https://github.com/cocoapods/specs.git:
    - KeychainSwift
    - Realm
    - RealmSwift

SPEC CHECKSUMS:
  KeychainSwift: 23d6c16cbc33f20fafa30c3d783241b4b87d998c
  Realm: 037c5919b9ceb59d6beed5d3b031096856b119b3
  RealmSwift: c9580133e73ef40ed340401af2dbc9a5790dfea7

PODFILE CHECKSUM: ca0a938023ccae180318eccc79e113c597b35a16

COCOAPODS: 1.5.3
